
Microsoft Visual Studio Solution File, Format Version 12.00
# Visual Studio Version 16
VisualStudioVersion = 16.0.28803.916
MinimumVisualStudioVersion = 10.0.40219.1
Project("{F184B08F-C81C-45F6-A57F-5ABD9991F28F}") = "Calculadora", "Calculadora\Calculadora.vbproj", "{E40F6A76-E2A6-4D2C-BE34-39A178FE61AD}"
EndProject
Global
	GlobalSection(SolutionConfigurationPlatforms) = preSolution
		Debug|Any CPU = Debug|Any CPU
		Release|Any CPU = Release|Any CPU
	EndGlobalSection
	GlobalSection(ProjectConfigurationPlatforms) = postSolution
		{E40F6A76-E2A6-4D2C-BE34-39A178FE61AD}.Debug|Any CPU.ActiveCfg = Debug|Any CPU
		{E40F6A76-E2A6-4D2C-BE34-39A178FE61AD}.Debug|Any CPU.Build.0 = Debug|Any CPU
		{E40F6A76-E2A6-4D2C-BE34-39A178FE61AD}.Release|Any CPU.ActiveCfg = Release|Any CPU
		{E40F6A76-E2A6-4D2C-BE34-39A178FE61AD}.Release|Any CPU.Build.0 = Release|Any CPU
	EndGlobalSection
	GlobalSection(SolutionProperties) = preSolution
		HideSolutionNode = FALSE
	EndGlobalSection
	GlobalSection(ExtensibilityGlobals) = postSolution
		SolutionGuid = {4738BF62-53A5-4256-9132-C948A6A1ECF8}
	EndGlobalSection
EndGlobal
